// !$*UTF8*$!
{
	archiveVersion = 1;
	classes = {
	};
	objectVersion = 46;
	objects = {

/* Begin PBXBuildFile section */
		04286E0B7BD041634C1CAEB6 /* libPods-PanoViewer.a in Frameworks */ = {isa = PBXBuildFile; fileRef = 97D59E1233854B07BCE90F79 /* libPods-PanoViewer.a */; };
		E987A1321CB433D300F6D819 /* PanoSelectTableViewController.m in Sources */ = {isa = PBXBuildFile; fileRef = E987A1311CB433D300F6D819 /* PanoSelectTableViewController.m */; };
		E987A13F1CB439EE00F6D819 /* ViewController.m in Sources */ = {isa = PBXBuildFile; fileRef = E987A13E1CB439EE00F6D819 /* ViewController.m */; };
		E987A1431CB43DB300F6D819 /* andes.jpg in Resources */ = {isa = PBXBuildFile; fileRef = E987A1401CB43DB300F6D819 /* andes.jpg */; };
		E987A1441CB43DB300F6D819 /* mountain.jpg in Resources */ = {isa = PBXBuildFile; fileRef = E987A1411CB43DB300F6D819 /* mountain.jpg */; };
		E987A1451CB43DB300F6D819 /* townhall.jpg in Resources */ = {isa = PBXBuildFile; fileRef = E987A1421CB43DB300F6D819 /* townhall.jpg */; };
		E9D320811CB4321A000F1EAC /* main.m in Sources */ = {isa = PBXBuildFile; fileRef = E9D320801CB4321A000F1EAC /* main.m */; };
		E9D320841CB4321A000F1EAC /* AppDelegate.m in Sources */ = {isa = PBXBuildFile; fileRef = E9D320831CB4321A000F1EAC /* AppDelegate.m */; };
		E9D3208A1CB4321A000F1EAC /* Main.storyboard in Resources */ = {isa = PBXBuildFile; fileRef = E9D320881CB4321A000F1EAC /* Main.storyboard */; };
		E9D3208C1CB4321A000F1EAC /* Assets.xcassets in Resources */ = {isa = PBXBuildFile; fileRef = E9D3208B1CB4321A000F1EAC /* Assets.xcassets */; };
		E9D3208F1CB4321A000F1EAC /* LaunchScreen.storyboard in Resources */ = {isa = PBXBuildFile; fileRef = E9D3208D1CB4321A000F1EAC /* LaunchScreen.storyboard */; };
/* End PBXBuildFile section */

/* Begin PBXFileReference section */
		40D4B731B1ECDBE22A500773 /* Pods-PanoViewer.release.xcconfig */ = {isa = PBXFileReference; includeInIndex = 1; lastKnownFileType = text.xcconfig; name = "Pods-PanoViewer.release.xcconfig"; path = "Pods/Target Support Files/Pods-PanoViewer/Pods-PanoViewer.release.xcconfig"; sourceTree = "<group>"; };
		97D59E1233854B07BCE90F79 /* libPods-PanoViewer.a */ = {isa = PBXFileReference; explicitFileType = archive.ar; includeInIndex = 0; path = "libPods-PanoViewer.a"; sourceTree = BUILT_PRODUCTS_DIR; };
		A8C3D23624B6AD8727545118 /* Pods-PanoViewer.debug.xcconfig */ = {isa = PBXFileReference; includeInIndex = 1; lastKnownFileType = text.xcconfig; name = "Pods-PanoViewer.debug.xcconfig"; path = "Pods/Target Support Files/Pods-PanoViewer/Pods-PanoViewer.debug.xcconfig"; sourceTree = "<group>"; };
		E987A1301CB433D300F6D819 /* PanoSelectTableViewController.h */ = {isa = PBXFileReference; fileEncoding = 4; lastKnownFileType = sourcecode.c.h; name = PanoSelectTableViewController.h; path = ../PanoSelectTableViewController.h; sourceTree = "<group>"; };
		E987A1311CB433D300F6D819 /* PanoSelectTableViewController.m */ = {isa = PBXFileReference; fileEncoding = 4; lastKnownFileType = sourcecode.c.objc; name = PanoSelectTableViewController.m; path = ../PanoSelectTableViewController.m; sourceTree = "<group>"; };
		E987A13D1CB439EE00F6D819 /* ViewController.h */ = {isa = PBXFileReference; fileEncoding = 4; lastKnownFileType = sourcecode.c.h; name = ViewController.h; path = ../ViewController.h; sourceTree = "<group>"; };
		E987A13E1CB439EE00F6D819 /* ViewController.m */ = {isa = PBXFileReference; fileEncoding = 4; lastKnownFileType = sourcecode.c.objc; name = ViewController.m; path = ../ViewController.m; sourceTree = "<group>"; };
		E987A1401CB43DB300F6D819 /* andes.jpg */ = {isa = PBXFileReference; lastKnownFileType = image.jpeg; path = andes.jpg; sourceTree = "<group>"; };
		E987A1411CB43DB300F6D819 /* mountain.jpg */ = {isa = PBXFileReference; lastKnownFileType = image.jpeg; path = mountain.jpg; sourceTree = "<group>"; };
		E987A1421CB43DB300F6D819 /* townhall.jpg */ = {isa = PBXFileReference; lastKnownFileType = image.jpeg; path = townhall.jpg; sourceTree = "<group>"; };
		E9D3207C1CB4321A000F1EAC /* PanoViewer.app */ = {isa = PBXFileReference; explicitFileType = wrapper.application; includeInIndex = 0; path = PanoViewer.app; sourceTree = BUILT_PRODUCTS_DIR; };
		E9D320801CB4321A000F1EAC /* main.m */ = {isa = PBXFileReference; lastKnownFileType = sourcecode.c.objc; path = main.m; sourceTree = "<group>"; };
		E9D320821CB4321A000F1EAC /* AppDelegate.h */ = {isa = PBXFileReference; lastKnownFileType = sourcecode.c.h; path = AppDelegate.h; sourceTree = "<group>"; };
		E9D320831CB4321A000F1EAC /* AppDelegate.m */ = {isa = PBXFileReference; lastKnownFileType = sourcecode.c.objc; path = AppDelegate.m; sourceTree = "<group>"; };
		E9D320891CB4321A000F1EAC /* Base */ = {isa = PBXFileReference; lastKnownFileType = file.storyboard; name = Base; path = Base.lproj/Main.storyboard; sourceTree = "<group>"; };
		E9D3208B1CB4321A000F1EAC /* Assets.xcassets */ = {isa = PBXFileReference; lastKnownFileType = folder.assetcatalog; path = Assets.xcassets; sourceTree = "<group>"; };
		E9D3208E1CB4321A000F1EAC /* Base */ = {isa = PBXFileReference; lastKnownFileType = file.storyboard; name = Base; path = Base.lproj/LaunchScreen.storyboard; sourceTree = "<group>"; };
		E9D320901CB4321A000F1EAC /* Info.plist */ = {isa = PBXFileReference; lastKnownFileType = text.plist.xml; path = Info.plist; sourceTree = "<group>"; };
/* End PBXFileReference section */

/* Begin PBXFrameworksBuildPhase section */
		E9D320791CB4321A000F1EAC /* Frameworks */ = {
			isa = PBXFrameworksBuildPhase;
			buildActionMask = 2147483647;
			files = (
				04286E0B7BD041634C1CAEB6 /* libPods-PanoViewer.a in Frameworks */,
			);
			runOnlyForDeploymentPostprocessing = 0;
		};
/* End PBXFrameworksBuildPhase section */

/* Begin PBXGroup section */
		9D61B40844A83C538EC30C6B /* Frameworks */ = {
			isa = PBXGroup;
			children = (
				97D59E1233854B07BCE90F79 /* libPods-PanoViewer.a */,
			);
			name = Frameworks;
			sourceTree = "<group>";
		};
		B0A998B2DB0ECA4F442B418D /* Pods */ = {
			isa = PBXGroup;
			children = (
				A8C3D23624B6AD8727545118 /* Pods-PanoViewer.debug.xcconfig */,
				40D4B731B1ECDBE22A500773 /* Pods-PanoViewer.release.xcconfig */,
			);
			name = Pods;
			sourceTree = "<group>";
		};
		E9D320731CB4321A000F1EAC = {
			isa = PBXGroup;
			children = (
				E9D3207E1CB4321A000F1EAC /* PanoViewer */,
				E9D3207D1CB4321A000F1EAC /* Products */,
				B0A998B2DB0ECA4F442B418D /* Pods */,
				9D61B40844A83C538EC30C6B /* Frameworks */,
			);
			sourceTree = "<group>";
		};
		E9D3207D1CB4321A000F1EAC /* Products */ = {
			isa = PBXGroup;
			children = (
				E9D3207C1CB4321A000F1EAC /* PanoViewer.app */,
			);
			name = Products;
			sourceTree = "<group>";
		};
		E9D3207E1CB4321A000F1EAC /* PanoViewer */ = {
			isa = PBXGroup;
			children = (
				E987A1401CB43DB300F6D819 /* andes.jpg */,
				E987A1411CB43DB300F6D819 /* mountain.jpg */,
				E987A1421CB43DB300F6D819 /* townhall.jpg */,
				E987A13D1CB439EE00F6D819 /* ViewController.h */,
				E987A13E1CB439EE00F6D819 /* ViewController.m */,
				E987A1301CB433D300F6D819 /* PanoSelectTableViewController.h */,
				E987A1311CB433D300F6D819 /* PanoSelectTableViewController.m */,
				E9D320821CB4321A000F1EAC /* AppDelegate.h */,
				E9D320831CB4321A000F1EAC /* AppDelegate.m */,
				E9D320881CB4321A000F1EAC /* Main.storyboard */,
				E9D3208B1CB4321A000F1EAC /* Assets.xcassets */,
				E9D3208D1CB4321A000F1EAC /* LaunchScreen.storyboard */,
				E9D320901CB4321A000F1EAC /* Info.plist */,
				E9D3207F1CB4321A000F1EAC /* Supporting Files */,
			);
			path = PanoViewer;
			sourceTree = "<group>";
		};
		E9D3207F1CB4321A000F1EAC /* Supporting Files */ = {
			isa = PBXGroup;
			children = (
				E9D320801CB4321A000F1EAC /* main.m */,
			);
			name = "Supporting Files";
			sourceTree = "<group>";
		};
/* End PBXGroup section */

/* Begin PBXNativeTarget section */
		E9D3207B1CB4321A000F1EAC /* PanoViewer */ = {
			isa = PBXNativeTarget;
			buildConfigurationList = E9D320931CB4321A000F1EAC /* Build configuration list for PBXNativeTarget "PanoViewer" */;
			buildPhases = (
				760D0BC791CF1FEFE9890B8C /* Check Pods Manifest.lock */,
				E9D320781CB4321A000F1EAC /* Sources */,
				E9D320791CB4321A000F1EAC /* Frameworks */,
				E9D3207A1CB4321A000F1EAC /* Resources */,
				E97111C25173C2A1D8CD62F6 /* Embed Pods Frameworks */,
				C79B04848E1A22DB4F9728C4 /* Copy Pods Resources */,
			);
			buildRules = (
			);
			dependencies = (
			);
			name = PanoViewer;
			productName = PanoViewer;
			productReference = E9D3207C1CB4321A000F1EAC /* PanoViewer.app */;
			productType = "com.apple.product-type.application";
		};
/* End PBXNativeTarget section */

/* Begin PBXProject section */
		E9D320741CB4321A000F1EAC /* Project object */ = {
			isa = PBXProject;
			attributes = {
				LastUpgradeCheck = 0720;
				ORGANIZATIONNAME = CodeLab;
				TargetAttributes = {
					E9D3207B1CB4321A000F1EAC = {
						CreatedOnToolsVersion = 7.2.1;
					};
				};
			};
			buildConfigurationList = E9D320771CB4321A000F1EAC /* Build configuration list for PBXProject "PanoViewer" */;
			compatibilityVersion = "Xcode 3.2";
			developmentRegion = English;
			hasScannedForEncodings = 0;
			knownRegions = (
				en,
				Base,
			);
			mainGroup = E9D320731CB4321A000F1EAC;
			productRefGroup = E9D3207D1CB4321A000F1EAC /* Products */;
			projectDirPath = "";
			projectRoot = "";
			targets = (
				E9D3207B1CB4321A000F1EAC /* PanoViewer */,
			);
		};
/* End PBXProject section */

/* Begin PBXResourcesBuildPhase section */
		E9D3207A1CB4321A000F1EAC /* Resources */ = {
			isa = PBXResourcesBuildPhase;
			buildActionMask = 2147483647;
			files = (
				E987A1451CB43DB300F6D819 /* townhall.jpg in Resources */,
				E9D3208F1CB4321A000F1EAC /* LaunchScreen.storyboard in Resources */,
				E987A1441CB43DB300F6D819 /* mountain.jpg in Resources */,
				E9D3208C1CB4321A000F1EAC /* Assets.xcassets in Resources */,
				E9D3208A1CB4321A000F1EAC /* Main.storyboard in Resources */,
				E987A1431CB43DB300F6D819 /* andes.jpg in Resources */,
			);
			runOnlyForDeploymentPostprocessing = 0;
		};
/* End PBXResourcesBuildPhase section */

/* Begin PBXShellScriptBuildPhase section */
		760D0BC791CF1FEFE9890B8C /* Check Pods Manifest.lock */ = {
			isa = PBXShellScriptBuildPhase;
			buildActionMask = 2147483647;
			files = (
			);
			inputPaths = (
			);
			name = "Check Pods Manifest.lock";
			outputPaths = (
			);
			runOnlyForDeploymentPostprocessing = 0;
			shellPath = /bin/sh;
			shellScript = "diff \"${PODS_ROOT}/../Podfile.lock\" \"${PODS_ROOT}/Manifest.lock\" > /dev/null\nif [[ $? != 0 ]] ; then\n    cat << EOM\nerror: The sandbox is not in sync with the Podfile.lock. Run 'pod install' or update your CocoaPods installation.\nEOM\n    exit 1\nfi\n";
			showEnvVarsInLog = 0;
		};
		C79B04848E1A22DB4F9728C4 /* Copy Pods Resources */ = {
			isa = PBXShellScriptBuildPhase;
			buildActionMask = 2147483647;
			files = (
			);
			inputPaths = (
			);
			name = "Copy Pods Resources";
			outputPaths = (
			);
			runOnlyForDeploymentPostprocessing = 0;
			shellPath = /bin/sh;
			shellScript = "\"${SRCROOT}/Pods/Target Support Files/Pods-PanoViewer/Pods-PanoViewer-resources.sh\"\n";
			showEnvVarsInLog = 0;
		};
		E97111C25173C2A1D8CD62F6 /* Embed Pods Frameworks */ = {
			isa = PBXShellScriptBuildPhase;
			buildActionMask = 2147483647;
			files = (
			);
			inputPaths = (
			);
			name = "Embed Pods Frameworks";
			outputPaths = (
			);
			runOnlyForDeploymentPostprocessing = 0;
			shellPath = /bin/sh;
			shellScript = "\"${SRCROOT}/Pods/Target Support Files/Pods-PanoViewer/Pods-PanoViewer-frameworks.sh\"\n";
			showEnvVarsInLog = 0;
		};
/* End PBXShellScriptBuildPhase section */

/* Begin PBXSourcesBuildPhase section */
		E9D320781CB4321A000F1EAC /* Sources */ = {
			isa = PBXSourcesBuildPhase;
			buildActionMask = 2147483647;
			files = (
				E9D320841CB4321A000F1EAC /* AppDelegate.m in Sources */,
				E9D320811CB4321A000F1EAC /* main.m in Sources */,
				E987A13F1CB439EE00F6D819 /* ViewController.m in Sources */,
				E987A1321CB433D300F6D819 /* PanoSelectTableViewController.m in Sources */,
			);
			runOnlyForDeploymentPostprocessing = 0;
		};
/* End PBXSourcesBuildPhase section */

/* Begin PBXVariantGroup section */
		E9D320881CB4321A000F1EAC /* Main.storyboard */ = {
			isa = PBXVariantGroup;
			children = (
				E9D320891CB4321A000F1EAC /* Base */,
			);
			name = Main.storyboard;
			sourceTree = "<group>";
		};
		E9D3208D1CB4321A000F1EAC /* LaunchScreen.storyboard */ = {
			isa = PBXVariantGroup;
			children = (
				E9D3208E1CB4321A000F1EAC /* Base */,
			);
			name = LaunchScreen.storyboard;
			sourceTree = "<group>";
		};
/* End PBXVariantGroup section */

/* Begin XCBuildConfiguration section */
		E9D320911CB4321A000F1EAC /* Debug */ = {
			isa = XCBuildConfiguration;
			buildSettings = {
				ALWAYS_SEARCH_USER_PATHS = NO;
				CLANG_CXX_LANGUAGE_STANDARD = "gnu++0x";
				CLANG_CXX_LIBRARY = "libc++";
				CLANG_ENABLE_MODULES = YES;
				CLANG_ENABLE_OBJC_ARC = YES;
				CLANG_WARN_BOOL_CONVERSION = YES;
				CLANG_WARN_CONSTANT_CONVERSION = YES;
				CLANG_WARN_DIRECT_OBJC_ISA_USAGE = YES_ERROR;
				CLANG_WARN_EMPTY_BODY = YES;
				CLANG_WARN_ENUM_CONVERSION = YES;
				CLANG_WARN_INT_CONVERSION = YES;
				CLANG_WARN_OBJC_ROOT_CLASS = YES_ERROR;
				CLANG_WARN_UNREACHABLE_CODE = YES;
				CLANG_WARN__DUPLICATE_METHOD_MATCH = YES;
				"CODE_SIGN_IDENTITY[sdk=iphoneos*]" = "iPhone Developer";
				COPY_PHASE_STRIP = NO;
				DEBUG_INFORMATION_FORMAT = dwarf;
				ENABLE_STRICT_OBJC_MSGSEND = YES;
				ENABLE_TESTABILITY = YES;
				GCC_C_LANGUAGE_STANDARD = gnu99;
				GCC_DYNAMIC_NO_PIC = NO;
				GCC_NO_COMMON_BLOCKS = YES;
				GCC_OPTIMIZATION_LEVEL = 0;
				GCC_PREPROCESSOR_DEFINITIONS = (
					"DEBUG=1",
					"$(inherited)",
				);
				GCC_WARN_64_TO_32_BIT_CONVERSION = YES;
				GCC_WARN_ABOUT_RETURN_TYPE = YES_ERROR;
				GCC_WARN_UNDECLARED_SELECTOR = YES;
				GCC_WARN_UNINITIALIZED_AUTOS = YES_AGGRESSIVE;
				GCC_WARN_UNUSED_FUNCTION = YES;
				GCC_WARN_UNUSED_VARIABLE = YES;
				IPHONEOS_DEPLOYMENT_TARGET = 9.2;
				MTL_ENABLE_DEBUG_INFO = YES;
				ONLY_ACTIVE_ARCH = YES;
				SDKROOT = iphoneos;
			};
			name = Debug;
		};
		E9D320921CB4321A000F1EAC /* Release */ = {
			isa = XCBuildConfiguration;
			buildSettings = {
				ALWAYS_SEARCH_USER_PATHS = NO;
				CLANG_CXX_LANGUAGE_STANDARD = "gnu++0x";
				CLANG_CXX_LIBRARY = "libc++";
				CLANG_ENABLE_MODULES = YES;
				CLANG_ENABLE_OBJC_ARC = YES;
				CLANG_WARN_BOOL_CONVERSION = YES;
				CLANG_WARN_CONSTANT_CONVERSION = YES;
				CLANG_WARN_DIRECT_OBJC_ISA_USAGE = YES_ERROR;
				CLANG_WARN_EMPTY_BODY = YES;
				CLANG_WARN_ENUM_CONVERSION = YES;
				CLANG_WARN_INT_CONVERSION = YES;
				CLANG_WARN_OBJC_ROOT_CLASS = YES_ERROR;
				CLANG_WARN_UNREACHABLE_CODE = YES;
				CLANG_WARN__DUPLICATE_METHOD_MATCH = YES;
				"CODE_SIGN_IDENTITY[sdk=iphoneos*]" = "iPhone Developer";
				COPY_PHASE_STRIP = NO;
				DEBUG_INFORMATION_FORMAT = "dwarf-with-dsym";
				ENABLE_NS_ASSERTIONS = NO;
				ENABLE_STRICT_OBJC_MSGSEND = YES;
				GCC_C_LANGUAGE_STANDARD = gnu99;
				GCC_NO_COMMON_BLOCKS = YES;
				GCC_WARN_64_TO_32_BIT_CONVERSION = YES;
				GCC_WARN_ABOUT_RETURN_TYPE = YES_ERROR;
				GCC_WARN_UNDECLARED_SELECTOR = YES;
				GCC_WARN_UNINITIALIZED_AUTOS = YES_AGGRESSIVE;
				GCC_WARN_UNUSED_FUNCTION = YES;
				GCC_WARN_UNUSED_VARIABLE = YES;
				IPHONEOS_DEPLOYMENT_TARGET = 9.2;
				MTL_ENABLE_DEBUG_INFO = NO;
				SDKROOT = iphoneos;
				VALIDATE_PRODUCT = YES;
			};
			name = Release;
		};
		E9D320941CB4321A000F1EAC /* Debug */ = {
			isa = XCBuildConfiguration;
			baseConfigurationReference = A8C3D23624B6AD8727545118 /* Pods-PanoViewer.debug.xcconfig */;
			buildSettings = {
				ASSETCATALOG_COMPILER_APPICON_NAME = AppIcon;
				ENABLE_BITCODE = NO;
				INFOPLIST_FILE = PanoViewer/Info.plist;
				LD_RUNPATH_SEARCH_PATHS = "$(inherited) @executable_path/Frameworks";
				PRODUCT_BUNDLE_IDENTIFIER = CodeLab.PanoViewer;
				PRODUCT_NAME = "$(TARGET_NAME)";
			};
			name = Debug;
		};
		E9D320951CB4321A000F1EAC /* Release */ = {
			isa = XCBuildConfiguration;
			baseConfigurationReference = 40D4B731B1ECDBE22A500773 /* Pods-PanoViewer.release.xcconfig */;
			buildSettings = {
				ASSETCATALOG_COMPILER_APPICON_NAME = AppIcon;
				ENABLE_BITCODE = NO;
				INFOPLIST_FILE = PanoViewer/Info.plist;
				LD_RUNPATH_SEARCH_PATHS = "$(inherited) @executable_path/Frameworks";
				PRODUCT_BUNDLE_IDENTIFIER = CodeLab.PanoViewer;
				PRODUCT_NAME = "$(TARGET_NAME)";
			};
			name = Release;
		};
/* End XCBuildConfiguration section */

/* Begin XCConfigurationList section */
		E9D320771CB4321A000F1EAC /* Build configuration list for PBXProject "PanoViewer" */ = {
			isa = XCConfigurationList;
			buildConfigurations = (
				E9D320911CB4321A000F1EAC /* Debug */,
				E9D320921CB4321A000F1EAC /* Release */,
			);
			defaultConfigurationIsVisible = 0;
			defaultConfigurationName = Release;
		};
		E9D320931CB4321A000F1EAC /* Build configuration list for PBXNativeTarget "PanoViewer" */ = {
			isa = XCConfigurationList;
			buildConfigurations = (
				E9D320941CB4321A000F1EAC /* Debug */,
				E9D320951CB4321A000F1EAC /* Release */,
			);
			defaultConfigurationIsVisible = 0;
			defaultConfigurationName = Release;
		};
/* End XCConfigurationList section */
	};
	rootObject = E9D320741CB4321A000F1EAC /* Project object */;
}
